
Microsoft Visual Studio Solution File, Format Version 12.00
# Visual Studio Version 16
VisualStudioVersion = 16.0.31129.286
MinimumVisualStudioVersion = 10.0.40219.1
Project("{FAE04EC0-301F-11D3-BF4B-00C04F79EFBC}") = "DailyReport", "DailyReport\DailyReport.csproj", "{7FDB7954-9CFF-4139-A033-DCA0185954FB}"
EndProject
Global
	GlobalSection(SolutionConfigurationPlatforms) = preSolution
		Debug|Any CPU = Debug|Any CPU
		Release|Any CPU = Release|Any CPU
	EndGlobalSection
	GlobalSection(ProjectConfigurationPlatforms) = postSolution
		{7FDB7954-9CFF-4139-A033-DCA0185954FB}.Debug|Any CPU.ActiveCfg = Debug|Any CPU
		{7FDB7954-9CFF-4139-A033-DCA0185954FB}.Debug|Any CPU.Build.0 = Debug|Any CPU
		{7FDB7954-9CFF-4139-A033-DCA0185954FB}.Release|Any CPU.ActiveCfg = Release|Any CPU
		{7FDB7954-9CFF-4139-A033-DCA0185954FB}.Release|Any CPU.Build.0 = Release|Any CPU
	EndGlobalSection
	GlobalSection(SolutionProperties) = preSolution
		HideSolutionNode = FALSE
	EndGlobalSection
	GlobalSection(ExtensibilityGlobals) = postSolution
		SolutionGuid = {5C96A2D7-DCAA-4101-85E7-8AEF3AD0541E}
	EndGlobalSection
EndGlobal
