
Microsoft Visual Studio Solution File, Format Version 12.00
# Visual Studio Version 16
VisualStudioVersion = 16.0.31129.286
MinimumVisualStudioVersion = 10.0.40219.1
Project("{FAE04EC0-301F-11D3-BF4B-00C04F79EFBC}") = "IncomeProgram", "IncomeProgram\IncomeProgram.csproj", "{099728AD-E6A3-41D0-A4F2-BFA588C49989}"
EndProject
Global
	GlobalSection(SolutionConfigurationPlatforms) = preSolution
		Debug|Any CPU = Debug|Any CPU
		Release|Any CPU = Release|Any CPU
	EndGlobalSection
	GlobalSection(ProjectConfigurationPlatforms) = postSolution
		{099728AD-E6A3-41D0-A4F2-BFA588C49989}.Debug|Any CPU.ActiveCfg = Debug|Any CPU
		{099728AD-E6A3-41D0-A4F2-BFA588C49989}.Debug|Any CPU.Build.0 = Debug|Any CPU
		{099728AD-E6A3-41D0-A4F2-BFA588C49989}.Release|Any CPU.ActiveCfg = Release|Any CPU
		{099728AD-E6A3-41D0-A4F2-BFA588C49989}.Release|Any CPU.Build.0 = Release|Any CPU
	EndGlobalSection
	GlobalSection(SolutionProperties) = preSolution
		HideSolutionNode = FALSE
	EndGlobalSection
	GlobalSection(ExtensibilityGlobals) = postSolution
		SolutionGuid = {A10AEB06-F79F-4B76-A4AE-5BA3277B740C}
	EndGlobalSection
EndGlobal
