
Microsoft Visual Studio Solution File, Format Version 12.00
# Visual Studio Version 16
VisualStudioVersion = 16.0.31129.286
MinimumVisualStudioVersion = 10.0.40219.1
Project("{FAE04EC0-301F-11D3-BF4B-00C04F79EFBC}") = "SayNameProject", "SayNameProject\SayNameProject.csproj", "{075F0AB5-11C6-4B12-8DE3-39F6128E2D50}"
EndProject
Global
	GlobalSection(SolutionConfigurationPlatforms) = preSolution
		Debug|Any CPU = Debug|Any CPU
		Release|Any CPU = Release|Any CPU
	EndGlobalSection
	GlobalSection(ProjectConfigurationPlatforms) = postSolution
		{075F0AB5-11C6-4B12-8DE3-39F6128E2D50}.Debug|Any CPU.ActiveCfg = Debug|Any CPU
		{075F0AB5-11C6-4B12-8DE3-39F6128E2D50}.Debug|Any CPU.Build.0 = Debug|Any CPU
		{075F0AB5-11C6-4B12-8DE3-39F6128E2D50}.Release|Any CPU.ActiveCfg = Release|Any CPU
		{075F0AB5-11C6-4B12-8DE3-39F6128E2D50}.Release|Any CPU.Build.0 = Release|Any CPU
	EndGlobalSection
	GlobalSection(SolutionProperties) = preSolution
		HideSolutionNode = FALSE
	EndGlobalSection
	GlobalSection(ExtensibilityGlobals) = postSolution
		SolutionGuid = {F6118E65-0A10-484C-BC8B-7E7986E5D5A7}
	EndGlobalSection
EndGlobal
